
Microsoft Visual Studio Solution File, Format Version 12.00
# Visual Studio Version 17
VisualStudioVersion = 17.6.33712.159
MinimumVisualStudioVersion = 10.0.40219.1
Project("{FAE04EC0-301F-11D3-BF4B-00C04F79EFBC}") = "prueba de ordenamiento por insercion", "prueba de ordenamiento por insercion\prueba de ordenamiento por insercion.csproj", "{B05C9D49-ADE2-460C-81B5-4517A87DBFC4}"
EndProject
Global
	GlobalSection(SolutionConfigurationPlatforms) = preSolution
		Debug|Any CPU = Debug|Any CPU
		Release|Any CPU = Release|Any CPU
	EndGlobalSection
	GlobalSection(ProjectConfigurationPlatforms) = postSolution
		{B05C9D49-ADE2-460C-81B5-4517A87DBFC4}.Debug|Any CPU.ActiveCfg = Debug|Any CPU
		{B05C9D49-ADE2-460C-81B5-4517A87DBFC4}.Debug|Any CPU.Build.0 = Debug|Any CPU
		{B05C9D49-ADE2-460C-81B5-4517A87DBFC4}.Release|Any CPU.ActiveCfg = Release|Any CPU
		{B05C9D49-ADE2-460C-81B5-4517A87DBFC4}.Release|Any CPU.Build.0 = Release|Any CPU
	EndGlobalSection
	GlobalSection(SolutionProperties) = preSolution
		HideSolutionNode = FALSE
	EndGlobalSection
	GlobalSection(ExtensibilityGlobals) = postSolution
		SolutionGuid = {D7D5FEED-474E-490B-8E84-EE923AF12AFC}
	EndGlobalSection
EndGlobal
